
Microsoft Visual Studio Solution File, Format Version 12.00
# Visual Studio 15
VisualStudioVersion = 15.0.28307.852
MinimumVisualStudioVersion = 10.0.40219.1
Project("{FAE04EC0-301F-11D3-BF4B-00C04F79EFBC}") = "HW7", "HW7\HW7.csproj", "{10929D9A-FB7F-4A33-9050-964629F61740}"
EndProject
Global
	GlobalSection(SolutionConfigurationPlatforms) = preSolution
		Debug|Any CPU = Debug|Any CPU
		Release|Any CPU = Release|Any CPU
	EndGlobalSection
	GlobalSection(ProjectConfigurationPlatforms) = postSolution
		{10929D9A-FB7F-4A33-9050-964629F61740}.Debug|Any CPU.ActiveCfg = Debug|Any CPU
		{10929D9A-FB7F-4A33-9050-964629F61740}.Debug|Any CPU.Build.0 = Debug|Any CPU
		{10929D9A-FB7F-4A33-9050-964629F61740}.Release|Any CPU.ActiveCfg = Release|Any CPU
		{10929D9A-FB7F-4A33-9050-964629F61740}.Release|Any CPU.Build.0 = Release|Any CPU
	EndGlobalSection
	GlobalSection(SolutionProperties) = preSolution
		HideSolutionNode = FALSE
	EndGlobalSection
	GlobalSection(ExtensibilityGlobals) = postSolution
		SolutionGuid = {FC6A00CA-BEAD-4B63-BB1D-DF22EEECDFA9}
	EndGlobalSection
EndGlobal
